
Microsoft Visual Studio Solution File, Format Version 12.00
# Visual Studio Version 17
VisualStudioVersion = 17.0.31903.59
MinimumVisualStudioVersion = 10.0.40219.1
Project("{9A19103F-16F7-4668-BE54-9A1E7A4F7556}") = "Synto", "src\Synto\Synto.csproj", "{025E7AC3-E9A8-4A92-BDA5-057B0A9135EA}"
EndProject
Project("{9A19103F-16F7-4668-BE54-9A1E7A4F7556}") = "Synto.Test", "test\Synto.Test\Synto.Test.csproj", "{79E7901B-27FE-475B-9A1B-2218732FFEC3}"
EndProject
Project("{2150E333-8FDC-42A3-9474-1A3956D46DE8}") = "src", "src", "{64E9EAC1-2ACA-4EA2-9EE9-83AF34315391}"
EndProject
Project("{2150E333-8FDC-42A3-9474-1A3956D46DE8}") = "test", "test", "{799691D7-F00F-4A0E-B7FD-C582CFDCA08E}"
EndProject
Project("{9A19103F-16F7-4668-BE54-9A1E7A4F7556}") = "Synto.Bootstrap", "src\Synto.Bootstrap\Synto.Bootstrap.csproj", "{A11BF140-841E-402A-9A67-B1E4207950C5}"
EndProject
Project("{2150E333-8FDC-42A3-9474-1A3956D46DE8}") = "examples", "examples", "{5F2C7F56-31A0-4282-A005-5FF98B1E6C4D}"
EndProject
Project("{9A19103F-16F7-4668-BE54-9A1E7A4F7556}") = "Synto.Examples", "examples\Synto.Examples\Synto.Examples.csproj", "{5351E366-2FB1-4B45-9072-C400D3A79E8A}"
EndProject
Project("{9A19103F-16F7-4668-BE54-9A1E7A4F7556}") = "Synto.SourceGenerator", "src\Synto.SourceGenerator\Synto.SourceGenerator.csproj", "{B2808B57-1D05-4D6F-B921-F741A6DC0D2E}"
EndProject
Project("{9A19103F-16F7-4668-BE54-9A1E7A4F7556}") = "Synto.Bootstrap.Test", "test\Synto.Bootstrap.Test\Synto.Bootstrap.Test.csproj", "{62A28DCF-2505-438E-B82E-F3CEC17D104E}"
EndProject
Project("{2150E333-8FDC-42A3-9474-1A3956D46DE8}") = "build", "build", "{5F186881-AC4D-4C08-A980-B36A904FC2E3}"
	ProjectSection(SolutionItems) = preProject
		Directory.Build.props = Directory.Build.props
	EndProjectSection
EndProject
Global
	GlobalSection(SolutionConfigurationPlatforms) = preSolution
		Debug|Any CPU = Debug|Any CPU
		Release|Any CPU = Release|Any CPU
	EndGlobalSection
	GlobalSection(ProjectConfigurationPlatforms) = postSolution
		{025E7AC3-E9A8-4A92-BDA5-057B0A9135EA}.Debug|Any CPU.ActiveCfg = Debug|Any CPU
		{025E7AC3-E9A8-4A92-BDA5-057B0A9135EA}.Debug|Any CPU.Build.0 = Debug|Any CPU
		{025E7AC3-E9A8-4A92-BDA5-057B0A9135EA}.Release|Any CPU.ActiveCfg = Release|Any CPU
		{025E7AC3-E9A8-4A92-BDA5-057B0A9135EA}.Release|Any CPU.Build.0 = Release|Any CPU
		{79E7901B-27FE-475B-9A1B-2218732FFEC3}.Debug|Any CPU.ActiveCfg = Debug|Any CPU
		{79E7901B-27FE-475B-9A1B-2218732FFEC3}.Debug|Any CPU.Build.0 = Debug|Any CPU
		{79E7901B-27FE-475B-9A1B-2218732FFEC3}.Release|Any CPU.ActiveCfg = Release|Any CPU
		{79E7901B-27FE-475B-9A1B-2218732FFEC3}.Release|Any CPU.Build.0 = Release|Any CPU
		{A11BF140-841E-402A-9A67-B1E4207950C5}.Debug|Any CPU.ActiveCfg = Debug|Any CPU
		{A11BF140-841E-402A-9A67-B1E4207950C5}.Debug|Any CPU.Build.0 = Debug|Any CPU
		{A11BF140-841E-402A-9A67-B1E4207950C5}.Release|Any CPU.ActiveCfg = Release|Any CPU
		{A11BF140-841E-402A-9A67-B1E4207950C5}.Release|Any CPU.Build.0 = Release|Any CPU
		{5351E366-2FB1-4B45-9072-C400D3A79E8A}.Debug|Any CPU.ActiveCfg = Debug|Any CPU
		{5351E366-2FB1-4B45-9072-C400D3A79E8A}.Debug|Any CPU.Build.0 = Debug|Any CPU
		{5351E366-2FB1-4B45-9072-C400D3A79E8A}.Release|Any CPU.ActiveCfg = Release|Any CPU
		{5351E366-2FB1-4B45-9072-C400D3A79E8A}.Release|Any CPU.Build.0 = Release|Any CPU
		{B2808B57-1D05-4D6F-B921-F741A6DC0D2E}.Debug|Any CPU.ActiveCfg = Debug|Any CPU
		{B2808B57-1D05-4D6F-B921-F741A6DC0D2E}.Debug|Any CPU.Build.0 = Debug|Any CPU
		{B2808B57-1D05-4D6F-B921-F741A6DC0D2E}.Release|Any CPU.ActiveCfg = Release|Any CPU
		{B2808B57-1D05-4D6F-B921-F741A6DC0D2E}.Release|Any CPU.Build.0 = Release|Any CPU
		{62A28DCF-2505-438E-B82E-F3CEC17D104E}.Debug|Any CPU.ActiveCfg = Debug|Any CPU
		{62A28DCF-2505-438E-B82E-F3CEC17D104E}.Debug|Any CPU.Build.0 = Debug|Any CPU
		{62A28DCF-2505-438E-B82E-F3CEC17D104E}.Release|Any CPU.ActiveCfg = Release|Any CPU
		{62A28DCF-2505-438E-B82E-F3CEC17D104E}.Release|Any CPU.Build.0 = Release|Any CPU
	EndGlobalSection
	GlobalSection(SolutionProperties) = preSolution
		HideSolutionNode = FALSE
	EndGlobalSection
	GlobalSection(NestedProjects) = preSolution
		{025E7AC3-E9A8-4A92-BDA5-057B0A9135EA} = {64E9EAC1-2ACA-4EA2-9EE9-83AF34315391}
		{79E7901B-27FE-475B-9A1B-2218732FFEC3} = {799691D7-F00F-4A0E-B7FD-C582CFDCA08E}
		{A11BF140-841E-402A-9A67-B1E4207950C5} = {64E9EAC1-2ACA-4EA2-9EE9-83AF34315391}
		{5351E366-2FB1-4B45-9072-C400D3A79E8A} = {5F2C7F56-31A0-4282-A005-5FF98B1E6C4D}
		{B2808B57-1D05-4D6F-B921-F741A6DC0D2E} = {64E9EAC1-2ACA-4EA2-9EE9-83AF34315391}
		{62A28DCF-2505-438E-B82E-F3CEC17D104E} = {799691D7-F00F-4A0E-B7FD-C582CFDCA08E}
	EndGlobalSection
	GlobalSection(ExtensibilityGlobals) = postSolution
		SolutionGuid = {AA9F30FD-384C-4E61-8746-529D9218EDAA}
	EndGlobalSection
EndGlobal
